# This file is @generated by PDM.
# It is not intended for manual editing.

[metadata]
groups = ["default", "dev"]
strategy = ["inherit_metadata"]
lock_version = "4.5.0"
content_hash = "sha256:c9d196f79c1f968cce76a207e693ad551bab88b58887ef973d6ee5fc9645796a"

[[metadata.targets]]
requires_python = "~=3.9"
